
Microsoft Visual Studio Solution File, Format Version 12.00
# Visual Studio Version 17
VisualStudioVersion = 17.9.34902.65
MinimumVisualStudioVersion = 10.0.40219.1
Project("{9A19103F-16F7-4668-BE54-9A1E7A4F7556}") = "Common", "Common\Common.csproj", "{CC9F113D-1627-46A6-B2D4-6D9D83F1E02F}"
EndProject
Project("{9A19103F-16F7-4668-BE54-9A1E7A4F7556}") = "OrderService", "OrderService\OrderService.csproj", "{E00DE625-F503-452D-AABC-9A23FB94BD37}"
EndProject
Project("{9A19103F-16F7-4668-BE54-9A1E7A4F7556}") = "PaymentService", "PaymentService\PaymentService.csproj", "{AA41F55C-C1A5-46A1-AA5F-FAA503837EC4}"
EndProject
Project("{9A19103F-16F7-4668-BE54-9A1E7A4F7556}") = "InventoryService", "InventoryService\InventoryService.csproj", "{1B81A333-C7D0-4E6C-A938-D713BBFB899E}"
EndProject
Project("{9A19103F-16F7-4668-BE54-9A1E7A4F7556}") = "SagaOrchestrator", "SagaOrchestrator\SagaOrchestrator.csproj", "{48114D6C-1C29-4399-B7F7-AD6C2E51BE5F}"
EndProject
Project("{9A19103F-16F7-4668-BE54-9A1E7A4F7556}") = "SagaPatternTests", "SagaPatternTests\SagaPatternTests.csproj", "{7DE570FF-731F-4F60-91F2-4736C46DF743}"
EndProject
Global
	GlobalSection(SolutionConfigurationPlatforms) = preSolution
		Debug|Any CPU = Debug|Any CPU
		Release|Any CPU = Release|Any CPU
	EndGlobalSection
	GlobalSection(ProjectConfigurationPlatforms) = postSolution
		{CC9F113D-1627-46A6-B2D4-6D9D83F1E02F}.Debug|Any CPU.ActiveCfg = Debug|Any CPU
		{CC9F113D-1627-46A6-B2D4-6D9D83F1E02F}.Debug|Any CPU.Build.0 = Debug|Any CPU
		{CC9F113D-1627-46A6-B2D4-6D9D83F1E02F}.Release|Any CPU.ActiveCfg = Release|Any CPU
		{CC9F113D-1627-46A6-B2D4-6D9D83F1E02F}.Release|Any CPU.Build.0 = Release|Any CPU
		{E00DE625-F503-452D-AABC-9A23FB94BD37}.Debug|Any CPU.ActiveCfg = Debug|Any CPU
		{E00DE625-F503-452D-AABC-9A23FB94BD37}.Debug|Any CPU.Build.0 = Debug|Any CPU
		{E00DE625-F503-452D-AABC-9A23FB94BD37}.Release|Any CPU.ActiveCfg = Release|Any CPU
		{E00DE625-F503-452D-AABC-9A23FB94BD37}.Release|Any CPU.Build.0 = Release|Any CPU
		{AA41F55C-C1A5-46A1-AA5F-FAA503837EC4}.Debug|Any CPU.ActiveCfg = Debug|Any CPU
		{AA41F55C-C1A5-46A1-AA5F-FAA503837EC4}.Debug|Any CPU.Build.0 = Debug|Any CPU
		{AA41F55C-C1A5-46A1-AA5F-FAA503837EC4}.Release|Any CPU.ActiveCfg = Release|Any CPU
		{AA41F55C-C1A5-46A1-AA5F-FAA503837EC4}.Release|Any CPU.Build.0 = Release|Any CPU
		{1B81A333-C7D0-4E6C-A938-D713BBFB899E}.Debug|Any CPU.ActiveCfg = Debug|Any CPU
		{1B81A333-C7D0-4E6C-A938-D713BBFB899E}.Debug|Any CPU.Build.0 = Debug|Any CPU
		{1B81A333-C7D0-4E6C-A938-D713BBFB899E}.Release|Any CPU.ActiveCfg = Release|Any CPU
		{1B81A333-C7D0-4E6C-A938-D713BBFB899E}.Release|Any CPU.Build.0 = Release|Any CPU
		{48114D6C-1C29-4399-B7F7-AD6C2E51BE5F}.Debug|Any CPU.ActiveCfg = Debug|Any CPU
		{48114D6C-1C29-4399-B7F7-AD6C2E51BE5F}.Debug|Any CPU.Build.0 = Debug|Any CPU
		{48114D6C-1C29-4399-B7F7-AD6C2E51BE5F}.Release|Any CPU.ActiveCfg = Release|Any CPU
		{48114D6C-1C29-4399-B7F7-AD6C2E51BE5F}.Release|Any CPU.Build.0 = Release|Any CPU
		{7DE570FF-731F-4F60-91F2-4736C46DF743}.Debug|Any CPU.ActiveCfg = Debug|Any CPU
		{7DE570FF-731F-4F60-91F2-4736C46DF743}.Debug|Any CPU.Build.0 = Debug|Any CPU
		{7DE570FF-731F-4F60-91F2-4736C46DF743}.Release|Any CPU.ActiveCfg = Release|Any CPU
		{7DE570FF-731F-4F60-91F2-4736C46DF743}.Release|Any CPU.Build.0 = Release|Any CPU
	EndGlobalSection
	GlobalSection(SolutionProperties) = preSolution
		HideSolutionNode = FALSE
	EndGlobalSection
	GlobalSection(ExtensibilityGlobals) = postSolution
		SolutionGuid = {284CACC9-7076-40F5-B122-C252A2BBA9B9}
	EndGlobalSection
EndGlobal
